// !$*UTF8*$!
{
	archiveVersion = 1;
	classes = {
	};
	objectVersion = 46;
	objects = {

/* Begin PBXBuildFile section */
		DB4004B91CBCD0A8007387CB /* ViewController.swift in Sources */ = {isa = PBXBuildFile; fileRef = DB9FB6401CB4ECB900572C23 /* ViewController.swift */; };
		DB4004BA1CBCD0A8007387CB /* AppDelegate.swift in Sources */ = {isa = PBXBuildFile; fileRef = DB9FB63E1CB4ECB900572C23 /* AppDelegate.swift */; };
		DB4004C71CBCD0A8007387CB /* LaunchScreen.storyboard in Resources */ = {isa = PBXBuildFile; fileRef = DB9FB6471CB4ECB900572C23 /* LaunchScreen.storyboard */; };
		DB4004C91CBCD0A8007387CB /* Assets.xcassets in Resources */ = {isa = PBXBuildFile; fileRef = DB9FB6451CB4ECB900572C23 /* Assets.xcassets */; };
		DB4004CA1CBCD0A8007387CB /* Main.storyboard in Resources */ = {isa = PBXBuildFile; fileRef = DB9FB6421CB4ECB900572C23 /* Main.storyboard */; };
		DB9C4BE11D1A8EE100B68F8E /* RescueCore.framework in Frameworks */ = {isa = PBXBuildFile; fileRef = DB9C4BDE1D1A8EC900B68F8E /* RescueCore.framework */; };
		DB9C4BE21D1A8EE100B68F8E /* RescueCore.framework in Embed Frameworks */ = {isa = PBXBuildFile; fileRef = DB9C4BDE1D1A8EC900B68F8E /* RescueCore.framework */; settings = {ATTRIBUTES = (CodeSignOnCopy, RemoveHeadersOnCopy, ); }; };
		DB9C4BE31D1A8EE400B68F8E /* RescueCameraStreaming.framework in Frameworks */ = {isa = PBXBuildFile; fileRef = DB9C4BDD1D1A8EC900B68F8E /* RescueCameraStreaming.framework */; };
		DB9C4BE41D1A8EE400B68F8E /* RescueCameraStreaming.framework in Embed Frameworks */ = {isa = PBXBuildFile; fileRef = DB9C4BDD1D1A8EC900B68F8E /* RescueCameraStreaming.framework */; settings = {ATTRIBUTES = (CodeSignOnCopy, RemoveHeadersOnCopy, ); }; };
/* End PBXBuildFile section */

/* Begin PBXCopyFilesBuildPhase section */
		DB4004D71CBCD4BB007387CB /* Embed Frameworks */ = {
			isa = PBXCopyFilesBuildPhase;
			buildActionMask = 2147483647;
			dstPath = "";
			dstSubfolderSpec = 10;
			files = (
				DB9C4BE21D1A8EE100B68F8E /* RescueCore.framework in Embed Frameworks */,
				DB9C4BE41D1A8EE400B68F8E /* RescueCameraStreaming.framework in Embed Frameworks */,
			);
			name = "Embed Frameworks";
			runOnlyForDeploymentPostprocessing = 0;
		};
/* End PBXCopyFilesBuildPhase section */

/* Begin PBXFileReference section */
		DB4004CE1CBCD0A8007387CB /* ExampleCamera.app */ = {isa = PBXFileReference; explicitFileType = wrapper.application; includeInIndex = 0; path = ExampleCamera.app; sourceTree = BUILT_PRODUCTS_DIR; };
		DB4004D21CBCD1F5007387CB /* SDKStreamExample-Bridging-Header.h */ = {isa = PBXFileReference; lastKnownFileType = sourcecode.c.h; path = "SDKStreamExample-Bridging-Header.h"; sourceTree = "<group>"; };
		DB9C4BDD1D1A8EC900B68F8E /* RescueCameraStreaming.framework */ = {isa = PBXFileReference; lastKnownFileType = wrapper.framework; path = RescueCameraStreaming.framework; sourceTree = "<group>"; };
		DB9C4BDE1D1A8EC900B68F8E /* RescueCore.framework */ = {isa = PBXFileReference; lastKnownFileType = wrapper.framework; path = RescueCore.framework; sourceTree = "<group>"; };
		DB9FB63E1CB4ECB900572C23 /* AppDelegate.swift */ = {isa = PBXFileReference; lastKnownFileType = sourcecode.swift; path = AppDelegate.swift; sourceTree = "<group>"; };
		DB9FB6401CB4ECB900572C23 /* ViewController.swift */ = {isa = PBXFileReference; lastKnownFileType = sourcecode.swift; path = ViewController.swift; sourceTree = "<group>"; };
		DB9FB6431CB4ECB900572C23 /* Base */ = {isa = PBXFileReference; lastKnownFileType = file.storyboard; name = Base; path = Base.lproj/Main.storyboard; sourceTree = "<group>"; };
		DB9FB6451CB4ECB900572C23 /* Assets.xcassets */ = {isa = PBXFileReference; lastKnownFileType = folder.assetcatalog; path = Assets.xcassets; sourceTree = "<group>"; };
		DB9FB6481CB4ECB900572C23 /* Base */ = {isa = PBXFileReference; lastKnownFileType = file.storyboard; name = Base; path = Base.lproj/LaunchScreen.storyboard; sourceTree = "<group>"; };
		DB9FB64A1CB4ECB900572C23 /* Info.plist */ = {isa = PBXFileReference; lastKnownFileType = text.plist.xml; path = Info.plist; sourceTree = "<group>"; };
/* End PBXFileReference section */

/* Begin PBXFrameworksBuildPhase section */
		DB4004BB1CBCD0A8007387CB /* Frameworks */ = {
			isa = PBXFrameworksBuildPhase;
			buildActionMask = 2147483647;
			files = (
				DB9C4BE11D1A8EE100B68F8E /* RescueCore.framework in Frameworks */,
				DB9C4BE31D1A8EE400B68F8E /* RescueCameraStreaming.framework in Frameworks */,
			);
			runOnlyForDeploymentPostprocessing = 0;
		};
/* End PBXFrameworksBuildPhase section */

/* Begin PBXGroup section */
		DB40034C1CB519D0007387CB /* frameworks */ = {
			isa = PBXGroup;
			children = (
				DB9C4BDE1D1A8EC900B68F8E /* RescueCore.framework */,
				DB9C4BDD1D1A8EC900B68F8E /* RescueCameraStreaming.framework */,
			);
			name = frameworks;
			path = ../../Frameworks;
			sourceTree = "<group>";
		};
		DB9FB6321CB4ECB900572C23 = {
			isa = PBXGroup;
			children = (
				DB40034C1CB519D0007387CB /* frameworks */,
				DB9FB63D1CB4ECB900572C23 /* SDKExample */,
				DB9FB63C1CB4ECB900572C23 /* Products */,
			);
			sourceTree = "<group>";
		};
		DB9FB63C1CB4ECB900572C23 /* Products */ = {
			isa = PBXGroup;
			children = (
				DB4004CE1CBCD0A8007387CB /* ExampleCamera.app */,
			);
			name = Products;
			sourceTree = "<group>";
		};
		DB9FB63D1CB4ECB900572C23 /* SDKExample */ = {
			isa = PBXGroup;
			children = (
				DB4004D21CBCD1F5007387CB /* SDKStreamExample-Bridging-Header.h */,
				DB9FB63E1CB4ECB900572C23 /* AppDelegate.swift */,
				DB9FB6401CB4ECB900572C23 /* ViewController.swift */,
				DB9FB6421CB4ECB900572C23 /* Main.storyboard */,
				DB9FB6451CB4ECB900572C23 /* Assets.xcassets */,
				DB9FB6471CB4ECB900572C23 /* LaunchScreen.storyboard */,
				DB9FB64A1CB4ECB900572C23 /* Info.plist */,
			);
			path = SDKExample;
			sourceTree = "<group>";
		};
/* End PBXGroup section */

/* Begin PBXNativeTarget section */
		DB4004B61CBCD0A8007387CB /* RescueExampleCamera */ = {
			isa = PBXNativeTarget;
			buildConfigurationList = DB4004CB1CBCD0A8007387CB /* Build configuration list for PBXNativeTarget "RescueExampleCamera" */;
			buildPhases = (
				DB4004B71CBCD0A8007387CB /* Sources */,
				DB4004BB1CBCD0A8007387CB /* Frameworks */,
				DB4004C61CBCD0A8007387CB /* Resources */,
				DB4004D71CBCD4BB007387CB /* Embed Frameworks */,
				75DAA1CE1D4B7F8200216F1E /* ShellScript */,
			);
			buildRules = (
			);
			dependencies = (
			);
			name = RescueExampleCamera;
			productName = SDKStreamExample;
			productReference = DB4004CE1CBCD0A8007387CB /* ExampleCamera.app */;
			productType = "com.apple.product-type.application";
		};
/* End PBXNativeTarget section */

/* Begin PBXProject section */
		DB9FB6331CB4ECB900572C23 /* Project object */ = {
			isa = PBXProject;
			attributes = {
				LastSwiftUpdateCheck = 0730;
				LastUpgradeCheck = 0730;
				ORGANIZATIONNAME = "LogMeIn Inc.";
				TargetAttributes = {
					DB4004B61CBCD0A8007387CB = {
						LastSwiftMigration = 0820;
					};
				};
			};
			buildConfigurationList = DB9FB6361CB4ECB900572C23 /* Build configuration list for PBXProject "RescueExampleCamera" */;
			compatibilityVersion = "Xcode 3.2";
			developmentRegion = English;
			hasScannedForEncodings = 0;
			knownRegions = (
				en,
				Base,
			);
			mainGroup = DB9FB6321CB4ECB900572C23;
			productRefGroup = DB9FB63C1CB4ECB900572C23 /* Products */;
			projectDirPath = "";
			projectRoot = "";
			targets = (
				DB4004B61CBCD0A8007387CB /* RescueExampleCamera */,
			);
		};
/* End PBXProject section */

/* Begin PBXResourcesBuildPhase section */
		DB4004C61CBCD0A8007387CB /* Resources */ = {
			isa = PBXResourcesBuildPhase;
			buildActionMask = 2147483647;
			files = (
				DB4004C71CBCD0A8007387CB /* LaunchScreen.storyboard in Resources */,
				DB4004C91CBCD0A8007387CB /* Assets.xcassets in Resources */,
				DB4004CA1CBCD0A8007387CB /* Main.storyboard in Resources */,
			);
			runOnlyForDeploymentPostprocessing = 0;
		};
/* End PBXResourcesBuildPhase section */

/* Begin PBXShellScriptBuildPhase section */
		75DAA1CE1D4B7F8200216F1E /* ShellScript */ = {
			isa = PBXShellScriptBuildPhase;
			buildActionMask = 2147483647;
			files = (
			);
			inputPaths = (
			);
			outputPaths = (
			);
			runOnlyForDeploymentPostprocessing = 0;
			shellPath = /bin/sh;
			shellScript = "bash \"$BUILT_PRODUCTS_DIR/$FRAMEWORKS_FOLDER_PATH/RescueCore.framework/strip-frameworks.sh\"";
		};
/* End PBXShellScriptBuildPhase section */

/* Begin PBXSourcesBuildPhase section */
		DB4004B71CBCD0A8007387CB /* Sources */ = {
			isa = PBXSourcesBuildPhase;
			buildActionMask = 2147483647;
			files = (
				DB4004B91CBCD0A8007387CB /* ViewController.swift in Sources */,
				DB4004BA1CBCD0A8007387CB /* AppDelegate.swift in Sources */,
			);
			runOnlyForDeploymentPostprocessing = 0;
		};
/* End PBXSourcesBuildPhase section */

/* Begin PBXVariantGroup section */
		DB9FB6421CB4ECB900572C23 /* Main.storyboard */ = {
			isa = PBXVariantGroup;
			children = (
				DB9FB6431CB4ECB900572C23 /* Base */,
			);
			name = Main.storyboard;
			sourceTree = "<group>";
		};
		DB9FB6471CB4ECB900572C23 /* LaunchScreen.storyboard */ = {
			isa = PBXVariantGroup;
			children = (
				DB9FB6481CB4ECB900572C23 /* Base */,
			);
			name = LaunchScreen.storyboard;
			sourceTree = "<group>";
		};
/* End PBXVariantGroup section */

/* Begin XCBuildConfiguration section */
		DB4004CC1CBCD0A8007387CB /* Debug */ = {
			isa = XCBuildConfiguration;
			buildSettings = {
				ASSETCATALOG_COMPILER_APPICON_NAME = AppIcon;
				INFOPLIST_FILE = SDKExample/Info.plist;
				LD_RUNPATH_SEARCH_PATHS = "$(inherited) @executable_path/Frameworks";
				PRODUCT_BUNDLE_IDENTIFIER = RescueExampleCamera;
				PRODUCT_NAME = ExampleCamera;
				PUMPKIN_HOME = "";
				SWIFT_VERSION = 3.0;
			};
			name = Debug;
		};
		DB4004CD1CBCD0A8007387CB /* Release */ = {
			isa = XCBuildConfiguration;
			buildSettings = {
				ASSETCATALOG_COMPILER_APPICON_NAME = AppIcon;
				INFOPLIST_FILE = SDKExample/Info.plist;
				LD_RUNPATH_SEARCH_PATHS = "$(inherited) @executable_path/Frameworks";
				PRODUCT_BUNDLE_IDENTIFIER = RescueExampleCamera;
				PRODUCT_NAME = ExampleCamera;
				PUMPKIN_HOME = "";
				SWIFT_VERSION = 3.0;
			};
			name = Release;
		};
		DB9FB64B1CB4ECB900572C23 /* Debug */ = {
			isa = XCBuildConfiguration;
			buildSettings = {
				ALWAYS_SEARCH_USER_PATHS = NO;
				CLANG_ANALYZER_NONNULL = YES;
				CLANG_CXX_LANGUAGE_STANDARD = "gnu++0x";
				CLANG_CXX_LIBRARY = "libc++";
				CLANG_ENABLE_MODULES = YES;
				CLANG_ENABLE_OBJC_ARC = YES;
				CLANG_WARN_BOOL_CONVERSION = YES;
				CLANG_WARN_CONSTANT_CONVERSION = YES;
				CLANG_WARN_DIRECT_OBJC_ISA_USAGE = YES_ERROR;
				CLANG_WARN_EMPTY_BODY = YES;
				CLANG_WARN_ENUM_CONVERSION = YES;
				CLANG_WARN_INT_CONVERSION = YES;
				CLANG_WARN_OBJC_ROOT_CLASS = YES_ERROR;
				CLANG_WARN_UNREACHABLE_CODE = YES;
				CLANG_WARN__DUPLICATE_METHOD_MATCH = YES;
				"CODE_SIGN_IDENTITY[sdk=iphoneos*]" = "iPhone Developer";
				COPY_PHASE_STRIP = NO;
				DEBUG_INFORMATION_FORMAT = dwarf;
				EMBEDDED_CONTENT_CONTAINS_SWIFT = YES;
				ENABLE_BITCODE = NO;
				ENABLE_STRICT_OBJC_MSGSEND = YES;
				ENABLE_TESTABILITY = YES;
				FRAMEWORK_SEARCH_PATHS = ../../Frameworks;
				GCC_C_LANGUAGE_STANDARD = gnu99;
				GCC_DYNAMIC_NO_PIC = NO;
				GCC_NO_COMMON_BLOCKS = YES;
				GCC_OPTIMIZATION_LEVEL = 0;
				GCC_PREPROCESSOR_DEFINITIONS = (
					"DEBUG=1",
					"$(inherited)",
				);
				GCC_WARN_64_TO_32_BIT_CONVERSION = YES;
				GCC_WARN_ABOUT_RETURN_TYPE = YES_ERROR;
				GCC_WARN_UNDECLARED_SELECTOR = YES;
				GCC_WARN_UNINITIALIZED_AUTOS = YES_AGGRESSIVE;
				GCC_WARN_UNUSED_FUNCTION = YES;
				GCC_WARN_UNUSED_VARIABLE = YES;
				IPHONEOS_DEPLOYMENT_TARGET = 8.0;
				MTL_ENABLE_DEBUG_INFO = YES;
				ONLY_ACTIVE_ARCH = YES;
				PUMPKIN_HOME = /Users/tkristofcsik/Develope/pumpkin;
				SDKROOT = iphoneos;
				SWIFT_OBJC_BRIDGING_HEADER = "SDKExample/SDKStreamExample-Bridging-Header.h";
				SWIFT_OPTIMIZATION_LEVEL = "-Onone";
				TARGETED_DEVICE_FAMILY = "1,2";
				VALID_ARCHS = "arm64 armv7";
			};
			name = Debug;
		};
		DB9FB64C1CB4ECB900572C23 /* Release */ = {
			isa = XCBuildConfiguration;
			buildSettings = {
				ALWAYS_SEARCH_USER_PATHS = NO;
				CLANG_ANALYZER_NONNULL = YES;
				CLANG_CXX_LANGUAGE_STANDARD = "gnu++0x";
				CLANG_CXX_LIBRARY = "libc++";
				CLANG_ENABLE_MODULES = YES;
				CLANG_ENABLE_OBJC_ARC = YES;
				CLANG_WARN_BOOL_CONVERSION = YES;
				CLANG_WARN_CONSTANT_CONVERSION = YES;
				CLANG_WARN_DIRECT_OBJC_ISA_USAGE = YES_ERROR;
				CLANG_WARN_EMPTY_BODY = YES;
				CLANG_WARN_ENUM_CONVERSION = YES;
				CLANG_WARN_INT_CONVERSION = YES;
				CLANG_WARN_OBJC_ROOT_CLASS = YES_ERROR;
				CLANG_WARN_UNREACHABLE_CODE = YES;
				CLANG_WARN__DUPLICATE_METHOD_MATCH = YES;
				"CODE_SIGN_IDENTITY[sdk=iphoneos*]" = "iPhone Developer";
				COPY_PHASE_STRIP = NO;
				DEBUG_INFORMATION_FORMAT = "dwarf-with-dsym";
				EMBEDDED_CONTENT_CONTAINS_SWIFT = YES;
				ENABLE_BITCODE = NO;
				ENABLE_NS_ASSERTIONS = NO;
				ENABLE_STRICT_OBJC_MSGSEND = YES;
				FRAMEWORK_SEARCH_PATHS = ../../Frameworks;
				GCC_C_LANGUAGE_STANDARD = gnu99;
				GCC_NO_COMMON_BLOCKS = YES;
				GCC_WARN_64_TO_32_BIT_CONVERSION = YES;
				GCC_WARN_ABOUT_RETURN_TYPE = YES_ERROR;
				GCC_WARN_UNDECLARED_SELECTOR = YES;
				GCC_WARN_UNINITIALIZED_AUTOS = YES_AGGRESSIVE;
				GCC_WARN_UNUSED_FUNCTION = YES;
				GCC_WARN_UNUSED_VARIABLE = YES;
				IPHONEOS_DEPLOYMENT_TARGET = 8.0;
				MTL_ENABLE_DEBUG_INFO = NO;
				PUMPKIN_HOME = $HOME/Develope/pumpkin;
				SDKROOT = iphoneos;
				SWIFT_OBJC_BRIDGING_HEADER = "SDKExample/SDKStreamExample-Bridging-Header.h";
				SWIFT_OPTIMIZATION_LEVEL = "-Owholemodule";
				TARGETED_DEVICE_FAMILY = "1,2";
				VALIDATE_PRODUCT = YES;
				VALID_ARCHS = "arm64 armv7";
			};
			name = Release;
		};
/* End XCBuildConfiguration section */

/* Begin XCConfigurationList section */
		DB4004CB1CBCD0A8007387CB /* Build configuration list for PBXNativeTarget "RescueExampleCamera" */ = {
			isa = XCConfigurationList;
			buildConfigurations = (
				DB4004CC1CBCD0A8007387CB /* Debug */,
				DB4004CD1CBCD0A8007387CB /* Release */,
			);
			defaultConfigurationIsVisible = 0;
			defaultConfigurationName = Release;
		};
		DB9FB6361CB4ECB900572C23 /* Build configuration list for PBXProject "RescueExampleCamera" */ = {
			isa = XCConfigurationList;
			buildConfigurations = (
				DB9FB64B1CB4ECB900572C23 /* Debug */,
				DB9FB64C1CB4ECB900572C23 /* Release */,
			);
			defaultConfigurationIsVisible = 0;
			defaultConfigurationName = Release;
		};
/* End XCConfigurationList section */
	};
	rootObject = DB9FB6331CB4ECB900572C23 /* Project object */;
}
