// !$*UTF8*$!
{
	archiveVersion = 1;
	classes = {
	};
	objectVersion = 52;
	objects = {

/* Begin PBXBuildFile section */
		756D9F661EC2073F0016DE6C /* main.m in Sources */ = {isa = PBXBuildFile; fileRef = 756D9F651EC2073F0016DE6C /* main.m */; };
		756D9F691EC2073F0016DE6C /* AppDelegate.m in Sources */ = {isa = PBXBuildFile; fileRef = 756D9F681EC2073F0016DE6C /* AppDelegate.m */; };
		756D9F721EC2073F0016DE6C /* Main.storyboard in Resources */ = {isa = PBXBuildFile; fileRef = 756D9F701EC2073F0016DE6C /* Main.storyboard */; };
		756D9F9E1EC209550016DE6C /* SettingsTableViewController.m in Sources */ = {isa = PBXBuildFile; fileRef = 756D9F9B1EC209550016DE6C /* SettingsTableViewController.m */; };
		756D9F9F1EC209550016DE6C /* ViewController.m in Sources */ = {isa = PBXBuildFile; fileRef = 756D9F9D1EC209550016DE6C /* ViewController.m */; };
		756D9FA21EC209630016DE6C /* LaunchScreen.xib in Resources */ = {isa = PBXBuildFile; fileRef = 756D9FA01EC209630016DE6C /* LaunchScreen.xib */; };
		756D9FA41EC209750016DE6C /* Images.xcassets in Resources */ = {isa = PBXBuildFile; fileRef = 756D9FA31EC209750016DE6C /* Images.xcassets */; };
		DBF5545C2383E01400B787C9 /* RescueCore.xcframework in Frameworks */ = {isa = PBXBuildFile; fileRef = DBF5545B2383E01400B787C9 /* RescueCore.xcframework */; };
		DBF5545D2383E06800B787C9 /* RescueCore.xcframework in Embed Frameworks */ = {isa = PBXBuildFile; fileRef = DBF5545B2383E01400B787C9 /* RescueCore.xcframework */; settings = {ATTRIBUTES = (CodeSignOnCopy, ); }; };
/* End PBXBuildFile section */

/* Begin PBXCopyFilesBuildPhase section */
		756D9FA91EC20BC70016DE6C /* Embed Frameworks */ = {
			isa = PBXCopyFilesBuildPhase;
			buildActionMask = 2147483647;
			dstPath = "";
			dstSubfolderSpec = 10;
			files = (
				DBF5545D2383E06800B787C9 /* RescueCore.xcframework in Embed Frameworks */,
			);
			name = "Embed Frameworks";
			runOnlyForDeploymentPostprocessing = 0;
		};
/* End PBXCopyFilesBuildPhase section */

/* Begin PBXFileReference section */
		756D9F611EC2073F0016DE6C /* RescueCoreExample.app */ = {isa = PBXFileReference; explicitFileType = wrapper.application; includeInIndex = 0; path = RescueCoreExample.app; sourceTree = BUILT_PRODUCTS_DIR; };
		756D9F651EC2073F0016DE6C /* main.m */ = {isa = PBXFileReference; lastKnownFileType = sourcecode.c.objc; path = main.m; sourceTree = "<group>"; };
		756D9F671EC2073F0016DE6C /* AppDelegate.h */ = {isa = PBXFileReference; lastKnownFileType = sourcecode.c.h; path = AppDelegate.h; sourceTree = "<group>"; };
		756D9F681EC2073F0016DE6C /* AppDelegate.m */ = {isa = PBXFileReference; lastKnownFileType = sourcecode.c.objc; path = AppDelegate.m; sourceTree = "<group>"; };
		756D9F711EC2073F0016DE6C /* Base */ = {isa = PBXFileReference; lastKnownFileType = file.storyboard; name = Base; path = Base.lproj/Main.storyboard; sourceTree = "<group>"; };
		756D9F781EC2073F0016DE6C /* Info.plist */ = {isa = PBXFileReference; lastKnownFileType = text.plist.xml; path = Info.plist; sourceTree = "<group>"; };
		756D9F9A1EC209550016DE6C /* SettingsTableViewController.h */ = {isa = PBXFileReference; fileEncoding = 4; lastKnownFileType = sourcecode.c.h; path = SettingsTableViewController.h; sourceTree = "<group>"; };
		756D9F9B1EC209550016DE6C /* SettingsTableViewController.m */ = {isa = PBXFileReference; fileEncoding = 4; lastKnownFileType = sourcecode.c.objc; path = SettingsTableViewController.m; sourceTree = "<group>"; };
		756D9F9C1EC209550016DE6C /* ViewController.h */ = {isa = PBXFileReference; fileEncoding = 4; lastKnownFileType = sourcecode.c.h; path = ViewController.h; sourceTree = "<group>"; };
		756D9F9D1EC209550016DE6C /* ViewController.m */ = {isa = PBXFileReference; fileEncoding = 4; lastKnownFileType = sourcecode.c.objc; path = ViewController.m; sourceTree = "<group>"; };
		756D9FA11EC209630016DE6C /* Base */ = {isa = PBXFileReference; lastKnownFileType = file.xib; name = Base; path = Base.lproj/LaunchScreen.xib; sourceTree = "<group>"; };
		756D9FA31EC209750016DE6C /* Images.xcassets */ = {isa = PBXFileReference; lastKnownFileType = folder.assetcatalog; path = Images.xcassets; sourceTree = "<group>"; };
		756D9FAA1EC3020D0016DE6C /* de */ = {isa = PBXFileReference; lastKnownFileType = text.plist.strings; name = de; path = de.lproj/Main.strings; sourceTree = "<group>"; };
		756D9FAB1EC3020D0016DE6C /* de */ = {isa = PBXFileReference; lastKnownFileType = text.plist.strings; name = de; path = de.lproj/LaunchScreen.strings; sourceTree = "<group>"; };
		DBF5545B2383E01400B787C9 /* RescueCore.xcframework */ = {isa = PBXFileReference; lastKnownFileType = wrapper.xcframework; name = RescueCore.xcframework; path = ../../Frameworks/RescueCore.xcframework; sourceTree = "<group>"; };
/* End PBXFileReference section */

/* Begin PBXFrameworksBuildPhase section */
		756D9F5E1EC2073F0016DE6C /* Frameworks */ = {
			isa = PBXFrameworksBuildPhase;
			buildActionMask = 2147483647;
			files = (
				DBF5545C2383E01400B787C9 /* RescueCore.xcframework in Frameworks */,
			);
			runOnlyForDeploymentPostprocessing = 0;
		};
/* End PBXFrameworksBuildPhase section */

/* Begin PBXGroup section */
		756D9F581EC2073F0016DE6C = {
			isa = PBXGroup;
			children = (
				756D9F631EC2073F0016DE6C /* RescueCoreExample */,
				756D9F621EC2073F0016DE6C /* Products */,
				756D9FB11EC310A40016DE6C /* Frameworks */,
			);
			sourceTree = "<group>";
		};
		756D9F621EC2073F0016DE6C /* Products */ = {
			isa = PBXGroup;
			children = (
				756D9F611EC2073F0016DE6C /* RescueCoreExample.app */,
			);
			name = Products;
			sourceTree = "<group>";
		};
		756D9F631EC2073F0016DE6C /* RescueCoreExample */ = {
			isa = PBXGroup;
			children = (
				756D9F671EC2073F0016DE6C /* AppDelegate.h */,
				756D9F681EC2073F0016DE6C /* AppDelegate.m */,
				756D9F9A1EC209550016DE6C /* SettingsTableViewController.h */,
				756D9F9B1EC209550016DE6C /* SettingsTableViewController.m */,
				756D9F9C1EC209550016DE6C /* ViewController.h */,
				756D9F9D1EC209550016DE6C /* ViewController.m */,
				756D9F701EC2073F0016DE6C /* Main.storyboard */,
				756D9FA31EC209750016DE6C /* Images.xcassets */,
				756D9FA01EC209630016DE6C /* LaunchScreen.xib */,
				756D9F781EC2073F0016DE6C /* Info.plist */,
				756D9F641EC2073F0016DE6C /* Supporting Files */,
			);
			path = RescueCoreExample;
			sourceTree = "<group>";
		};
		756D9F641EC2073F0016DE6C /* Supporting Files */ = {
			isa = PBXGroup;
			children = (
				756D9F651EC2073F0016DE6C /* main.m */,
			);
			name = "Supporting Files";
			sourceTree = "<group>";
		};
		756D9FB11EC310A40016DE6C /* Frameworks */ = {
			isa = PBXGroup;
			children = (
				DBF5545B2383E01400B787C9 /* RescueCore.xcframework */,
			);
			name = Frameworks;
			sourceTree = "<group>";
		};
/* End PBXGroup section */

/* Begin PBXNativeTarget section */
		756D9F601EC2073F0016DE6C /* RescueCoreExample */ = {
			isa = PBXNativeTarget;
			buildConfigurationList = 756D9F911EC2073F0016DE6C /* Build configuration list for PBXNativeTarget "RescueCoreExample" */;
			buildPhases = (
				756D9F5D1EC2073F0016DE6C /* Sources */,
				756D9F5E1EC2073F0016DE6C /* Frameworks */,
				756D9F5F1EC2073F0016DE6C /* Resources */,
				756D9FA91EC20BC70016DE6C /* Embed Frameworks */,
			);
			buildRules = (
			);
			dependencies = (
			);
			name = RescueCoreExample;
			productName = RescueCoreExample;
			productReference = 756D9F611EC2073F0016DE6C /* RescueCoreExample.app */;
			productType = "com.apple.product-type.application";
		};
/* End PBXNativeTarget section */

/* Begin PBXProject section */
		756D9F591EC2073F0016DE6C /* Project object */ = {
			isa = PBXProject;
			attributes = {
				LastUpgradeCheck = 0830;
				ORGANIZATIONNAME = LogMeIn;
				TargetAttributes = {
					756D9F601EC2073F0016DE6C = {
						CreatedOnToolsVersion = 8.3.2;
						ProvisioningStyle = Automatic;
					};
				};
			};
			buildConfigurationList = 756D9F5C1EC2073F0016DE6C /* Build configuration list for PBXProject "RescueCoreExampleExternal" */;
			compatibilityVersion = "Xcode 3.2";
			developmentRegion = English;
			hasScannedForEncodings = 0;
			knownRegions = (
				English,
				en,
				Base,
				de,
			);
			mainGroup = 756D9F581EC2073F0016DE6C;
			productRefGroup = 756D9F621EC2073F0016DE6C /* Products */;
			projectDirPath = "";
			projectRoot = "";
			targets = (
				756D9F601EC2073F0016DE6C /* RescueCoreExample */,
			);
		};
/* End PBXProject section */

/* Begin PBXResourcesBuildPhase section */
		756D9F5F1EC2073F0016DE6C /* Resources */ = {
			isa = PBXResourcesBuildPhase;
			buildActionMask = 2147483647;
			files = (
				756D9FA21EC209630016DE6C /* LaunchScreen.xib in Resources */,
				756D9FA41EC209750016DE6C /* Images.xcassets in Resources */,
				756D9F721EC2073F0016DE6C /* Main.storyboard in Resources */,
			);
			runOnlyForDeploymentPostprocessing = 0;
		};
/* End PBXResourcesBuildPhase section */

/* Begin PBXSourcesBuildPhase section */
		756D9F5D1EC2073F0016DE6C /* Sources */ = {
			isa = PBXSourcesBuildPhase;
			buildActionMask = 2147483647;
			files = (
				756D9F9F1EC209550016DE6C /* ViewController.m in Sources */,
				756D9F691EC2073F0016DE6C /* AppDelegate.m in Sources */,
				756D9F9E1EC209550016DE6C /* SettingsTableViewController.m in Sources */,
				756D9F661EC2073F0016DE6C /* main.m in Sources */,
			);
			runOnlyForDeploymentPostprocessing = 0;
		};
/* End PBXSourcesBuildPhase section */

/* Begin PBXVariantGroup section */
		756D9F701EC2073F0016DE6C /* Main.storyboard */ = {
			isa = PBXVariantGroup;
			children = (
				756D9F711EC2073F0016DE6C /* Base */,
				756D9FAA1EC3020D0016DE6C /* de */,
			);
			name = Main.storyboard;
			sourceTree = "<group>";
		};
		756D9FA01EC209630016DE6C /* LaunchScreen.xib */ = {
			isa = PBXVariantGroup;
			children = (
				756D9FA11EC209630016DE6C /* Base */,
				756D9FAB1EC3020D0016DE6C /* de */,
			);
			name = LaunchScreen.xib;
			sourceTree = "<group>";
		};
/* End PBXVariantGroup section */

/* Begin XCBuildConfiguration section */
		756D9F8F1EC2073F0016DE6C /* Debug */ = {
			isa = XCBuildConfiguration;
			buildSettings = {
				ALWAYS_EMBED_SWIFT_STANDARD_LIBRARIES = YES;
				ALWAYS_SEARCH_USER_PATHS = NO;
				CLANG_ANALYZER_LOCALIZABILITY_NONLOCALIZED = YES;
				CLANG_ANALYZER_NONNULL = YES;
				CLANG_ANALYZER_NUMBER_OBJECT_CONVERSION = YES_AGGRESSIVE;
				CLANG_CXX_LANGUAGE_STANDARD = "gnu++0x";
				CLANG_CXX_LIBRARY = "libc++";
				CLANG_ENABLE_MODULES = YES;
				CLANG_ENABLE_OBJC_ARC = YES;
				CLANG_WARN_BOOL_CONVERSION = YES;
				CLANG_WARN_CONSTANT_CONVERSION = YES;
				CLANG_WARN_DIRECT_OBJC_ISA_USAGE = YES_ERROR;
				CLANG_WARN_DOCUMENTATION_COMMENTS = YES;
				CLANG_WARN_EMPTY_BODY = YES;
				CLANG_WARN_ENUM_CONVERSION = YES;
				CLANG_WARN_INFINITE_RECURSION = YES;
				CLANG_WARN_INT_CONVERSION = YES;
				CLANG_WARN_OBJC_ROOT_CLASS = YES_ERROR;
				CLANG_WARN_SUSPICIOUS_MOVE = YES;
				CLANG_WARN_UNREACHABLE_CODE = YES;
				CLANG_WARN__DUPLICATE_METHOD_MATCH = YES;
				"CODE_SIGN_IDENTITY[sdk=iphoneos*]" = "iPhone Developer";
				COPY_PHASE_STRIP = NO;
				DEBUG_INFORMATION_FORMAT = dwarf;
				ENABLE_STRICT_OBJC_MSGSEND = YES;
				ENABLE_TESTABILITY = YES;
				GCC_C_LANGUAGE_STANDARD = gnu99;
				GCC_DYNAMIC_NO_PIC = NO;
				GCC_NO_COMMON_BLOCKS = YES;
				GCC_OPTIMIZATION_LEVEL = 0;
				GCC_PREPROCESSOR_DEFINITIONS = (
					"DEBUG=1",
					"$(inherited)",
				);
				GCC_WARN_64_TO_32_BIT_CONVERSION = YES;
				GCC_WARN_ABOUT_RETURN_TYPE = YES_ERROR;
				GCC_WARN_UNDECLARED_SELECTOR = YES;
				GCC_WARN_UNINITIALIZED_AUTOS = YES_AGGRESSIVE;
				GCC_WARN_UNUSED_FUNCTION = YES;
				GCC_WARN_UNUSED_VARIABLE = YES;
				IPHONEOS_DEPLOYMENT_TARGET = 11.0;
				MTL_ENABLE_DEBUG_INFO = YES;
				ONLY_ACTIVE_ARCH = YES;
				SDKROOT = iphoneos;
			};
			name = Debug;
		};
		756D9F901EC2073F0016DE6C /* Release */ = {
			isa = XCBuildConfiguration;
			buildSettings = {
				ALWAYS_EMBED_SWIFT_STANDARD_LIBRARIES = YES;
				ALWAYS_SEARCH_USER_PATHS = NO;
				CLANG_ANALYZER_LOCALIZABILITY_NONLOCALIZED = YES;
				CLANG_ANALYZER_NONNULL = YES;
				CLANG_ANALYZER_NUMBER_OBJECT_CONVERSION = YES_AGGRESSIVE;
				CLANG_CXX_LANGUAGE_STANDARD = "gnu++0x";
				CLANG_CXX_LIBRARY = "libc++";
				CLANG_ENABLE_MODULES = YES;
				CLANG_ENABLE_OBJC_ARC = YES;
				CLANG_WARN_BOOL_CONVERSION = YES;
				CLANG_WARN_CONSTANT_CONVERSION = YES;
				CLANG_WARN_DIRECT_OBJC_ISA_USAGE = YES_ERROR;
				CLANG_WARN_DOCUMENTATION_COMMENTS = YES;
				CLANG_WARN_EMPTY_BODY = YES;
				CLANG_WARN_ENUM_CONVERSION = YES;
				CLANG_WARN_INFINITE_RECURSION = YES;
				CLANG_WARN_INT_CONVERSION = YES;
				CLANG_WARN_OBJC_ROOT_CLASS = YES_ERROR;
				CLANG_WARN_SUSPICIOUS_MOVE = YES;
				CLANG_WARN_UNREACHABLE_CODE = YES;
				CLANG_WARN__DUPLICATE_METHOD_MATCH = YES;
				"CODE_SIGN_IDENTITY[sdk=iphoneos*]" = "iPhone Developer";
				COPY_PHASE_STRIP = NO;
				DEBUG_INFORMATION_FORMAT = "dwarf-with-dsym";
				ENABLE_NS_ASSERTIONS = NO;
				ENABLE_STRICT_OBJC_MSGSEND = YES;
				GCC_C_LANGUAGE_STANDARD = gnu99;
				GCC_NO_COMMON_BLOCKS = YES;
				GCC_WARN_64_TO_32_BIT_CONVERSION = YES;
				GCC_WARN_ABOUT_RETURN_TYPE = YES_ERROR;
				GCC_WARN_UNDECLARED_SELECTOR = YES;
				GCC_WARN_UNINITIALIZED_AUTOS = YES_AGGRESSIVE;
				GCC_WARN_UNUSED_FUNCTION = YES;
				GCC_WARN_UNUSED_VARIABLE = YES;
				IPHONEOS_DEPLOYMENT_TARGET = 11.0;
				MTL_ENABLE_DEBUG_INFO = NO;
				SDKROOT = iphoneos;
				VALIDATE_PRODUCT = YES;
			};
			name = Release;
		};
		756D9F921EC2073F0016DE6C /* Debug */ = {
			isa = XCBuildConfiguration;
			buildSettings = {
				ASSETCATALOG_COMPILER_APPICON_NAME = AppIcon;
				CURRENT_PROJECT_VERSION = 5.14;
				DEVELOPMENT_TEAM = "";
				ENABLE_BITCODE = YES;
				FRAMEWORK_SEARCH_PATHS = "${PROJECT_DIR}/../../Frameworks";
				INFOPLIST_FILE = RescueCoreExample/Info.plist;
				IPHONEOS_DEPLOYMENT_TARGET = 12.0;
				LD_RUNPATH_SEARCH_PATHS = (
					"$(inherited)",
					"@executable_path/Frameworks",
				);
				MARKETING_VERSION = 5.14;
				PRODUCT_BUNDLE_IDENTIFIER = com.example.RescueCoreExample;
				PRODUCT_NAME = "$(TARGET_NAME)";
			};
			name = Debug;
		};
		756D9F931EC2073F0016DE6C /* Release */ = {
			isa = XCBuildConfiguration;
			buildSettings = {
				ASSETCATALOG_COMPILER_APPICON_NAME = AppIcon;
				CURRENT_PROJECT_VERSION = 5.14;
				DEVELOPMENT_TEAM = "";
				ENABLE_BITCODE = YES;
				FRAMEWORK_SEARCH_PATHS = "${PROJECT_DIR}/../../Frameworks";
				INFOPLIST_FILE = RescueCoreExample/Info.plist;
				IPHONEOS_DEPLOYMENT_TARGET = 12.0;
				LD_RUNPATH_SEARCH_PATHS = (
					"$(inherited)",
					"@executable_path/Frameworks",
				);
				MARKETING_VERSION = 5.14;
				PRODUCT_BUNDLE_IDENTIFIER = com.example.RescueCoreExample;
				PRODUCT_NAME = "$(TARGET_NAME)";
			};
			name = Release;
		};
/* End XCBuildConfiguration section */

/* Begin XCConfigurationList section */
		756D9F5C1EC2073F0016DE6C /* Build configuration list for PBXProject "RescueCoreExampleExternal" */ = {
			isa = XCConfigurationList;
			buildConfigurations = (
				756D9F8F1EC2073F0016DE6C /* Debug */,
				756D9F901EC2073F0016DE6C /* Release */,
			);
			defaultConfigurationIsVisible = 0;
			defaultConfigurationName = Release;
		};
		756D9F911EC2073F0016DE6C /* Build configuration list for PBXNativeTarget "RescueCoreExample" */ = {
			isa = XCConfigurationList;
			buildConfigurations = (
				756D9F921EC2073F0016DE6C /* Debug */,
				756D9F931EC2073F0016DE6C /* Release */,
			);
			defaultConfigurationIsVisible = 0;
			defaultConfigurationName = Release;
		};
/* End XCConfigurationList section */
	};
	rootObject = 756D9F591EC2073F0016DE6C /* Project object */;
}
