// !$*UTF8*$!
{
	archiveVersion = 1;
	classes = {
	};
	objectVersion = 46;
	objects = {

/* Begin PBXBuildFile section */
		75AF3B901BB53D6500880F14 /* main.m in Sources */ = {isa = PBXBuildFile; fileRef = 75AF3B8F1BB53D6500880F14 /* main.m */; };
		75AF3B931BB53D6500880F14 /* AppDelegate.m in Sources */ = {isa = PBXBuildFile; fileRef = 75AF3B921BB53D6500880F14 /* AppDelegate.m */; };
		75AF3B961BB53D6500880F14 /* ViewController.m in Sources */ = {isa = PBXBuildFile; fileRef = 75AF3B951BB53D6500880F14 /* ViewController.m */; };
		75AF3B991BB53D6500880F14 /* Main.storyboard in Resources */ = {isa = PBXBuildFile; fileRef = 75AF3B971BB53D6500880F14 /* Main.storyboard */; };
		75AF3B9B1BB53D6500880F14 /* Images.xcassets in Resources */ = {isa = PBXBuildFile; fileRef = 75AF3B9A1BB53D6500880F14 /* Images.xcassets */; };
		75AF3B9E1BB53D6500880F14 /* LaunchScreen.xib in Resources */ = {isa = PBXBuildFile; fileRef = 75AF3B9C1BB53D6500880F14 /* LaunchScreen.xib */; };
		DB501F3C1BCF949100E8F6EA /* SettingsTableViewController.m in Sources */ = {isa = PBXBuildFile; fileRef = DB501F3B1BCF949100E8F6EA /* SettingsTableViewController.m */; };
		DBC333B51D1A7AF600777B1B /* RescueCore.framework in Frameworks */ = {isa = PBXBuildFile; fileRef = DBC333B31D1A7A4B00777B1B /* RescueCore.framework */; };
		DBC333B61D1A7AF600777B1B /* RescueCore.framework in Embed Frameworks */ = {isa = PBXBuildFile; fileRef = DBC333B31D1A7A4B00777B1B /* RescueCore.framework */; settings = {ATTRIBUTES = (CodeSignOnCopy, RemoveHeadersOnCopy, ); }; };
/* End PBXBuildFile section */

/* Begin PBXCopyFilesBuildPhase section */
		DBC333B71D1A7AF600777B1B /* Embed Frameworks */ = {
			isa = PBXCopyFilesBuildPhase;
			buildActionMask = 2147483647;
			dstPath = "";
			dstSubfolderSpec = 10;
			files = (
				DBC333B61D1A7AF600777B1B /* RescueCore.framework in Embed Frameworks */,
			);
			name = "Embed Frameworks";
			runOnlyForDeploymentPostprocessing = 0;
		};
/* End PBXCopyFilesBuildPhase section */

/* Begin PBXFileReference section */
		755CD7AD1BBAB27900218F00 /* de */ = {isa = PBXFileReference; lastKnownFileType = text.plist.strings; name = de; path = de.lproj/Main.strings; sourceTree = "<group>"; };
		755CD7AE1BBAB27900218F00 /* de */ = {isa = PBXFileReference; lastKnownFileType = text.plist.strings; name = de; path = de.lproj/LaunchScreen.strings; sourceTree = "<group>"; };
		75AF3B8A1BB53D6500880F14 /* RescueExampleCore.app */ = {isa = PBXFileReference; explicitFileType = wrapper.application; includeInIndex = 0; path = RescueExampleCore.app; sourceTree = BUILT_PRODUCTS_DIR; };
		75AF3B8E1BB53D6500880F14 /* Info.plist */ = {isa = PBXFileReference; lastKnownFileType = text.plist.xml; path = Info.plist; sourceTree = "<group>"; };
		75AF3B8F1BB53D6500880F14 /* main.m */ = {isa = PBXFileReference; lastKnownFileType = sourcecode.c.objc; path = main.m; sourceTree = "<group>"; };
		75AF3B911BB53D6500880F14 /* AppDelegate.h */ = {isa = PBXFileReference; lastKnownFileType = sourcecode.c.h; path = AppDelegate.h; sourceTree = "<group>"; };
		75AF3B921BB53D6500880F14 /* AppDelegate.m */ = {isa = PBXFileReference; lastKnownFileType = sourcecode.c.objc; path = AppDelegate.m; sourceTree = "<group>"; };
		75AF3B941BB53D6500880F14 /* ViewController.h */ = {isa = PBXFileReference; lastKnownFileType = sourcecode.c.h; path = ViewController.h; sourceTree = "<group>"; };
		75AF3B951BB53D6500880F14 /* ViewController.m */ = {isa = PBXFileReference; lastKnownFileType = sourcecode.c.objc; path = ViewController.m; sourceTree = "<group>"; };
		75AF3B981BB53D6500880F14 /* Base */ = {isa = PBXFileReference; lastKnownFileType = file.storyboard; name = Base; path = Base.lproj/Main.storyboard; sourceTree = "<group>"; };
		75AF3B9A1BB53D6500880F14 /* Images.xcassets */ = {isa = PBXFileReference; lastKnownFileType = folder.assetcatalog; path = Images.xcassets; sourceTree = "<group>"; };
		75AF3B9D1BB53D6500880F14 /* Base */ = {isa = PBXFileReference; lastKnownFileType = file.xib; name = Base; path = Base.lproj/LaunchScreen.xib; sourceTree = "<group>"; };
		DB501F3A1BCF949100E8F6EA /* SettingsTableViewController.h */ = {isa = PBXFileReference; fileEncoding = 4; lastKnownFileType = sourcecode.c.h; path = SettingsTableViewController.h; sourceTree = "<group>"; };
		DB501F3B1BCF949100E8F6EA /* SettingsTableViewController.m */ = {isa = PBXFileReference; fileEncoding = 4; lastKnownFileType = sourcecode.c.objc; path = SettingsTableViewController.m; sourceTree = "<group>"; };
		DBC333B31D1A7A4B00777B1B /* RescueCore.framework */ = {isa = PBXFileReference; lastKnownFileType = wrapper.framework; path = RescueCore.framework; sourceTree = "<group>"; };
/* End PBXFileReference section */

/* Begin PBXFrameworksBuildPhase section */
		75AF3B871BB53D6500880F14 /* Frameworks */ = {
			isa = PBXFrameworksBuildPhase;
			buildActionMask = 2147483647;
			files = (
				DBC333B51D1A7AF600777B1B /* RescueCore.framework in Frameworks */,
			);
			runOnlyForDeploymentPostprocessing = 0;
		};
/* End PBXFrameworksBuildPhase section */

/* Begin PBXGroup section */
		75AF3B811BB53D6500880F14 = {
			isa = PBXGroup;
			children = (
				DBC333B21D1A7A3300777B1B /* Frameworks */,
				75AF3B8C1BB53D6500880F14 /* SDKExample */,
				75AF3B8B1BB53D6500880F14 /* Products */,
			);
			sourceTree = "<group>";
		};
		75AF3B8B1BB53D6500880F14 /* Products */ = {
			isa = PBXGroup;
			children = (
				75AF3B8A1BB53D6500880F14 /* RescueExampleCore.app */,
			);
			name = Products;
			sourceTree = "<group>";
		};
		75AF3B8C1BB53D6500880F14 /* SDKExample */ = {
			isa = PBXGroup;
			children = (
				75AF3B911BB53D6500880F14 /* AppDelegate.h */,
				75AF3B921BB53D6500880F14 /* AppDelegate.m */,
				75AF3B941BB53D6500880F14 /* ViewController.h */,
				75AF3B951BB53D6500880F14 /* ViewController.m */,
				DB501F3A1BCF949100E8F6EA /* SettingsTableViewController.h */,
				DB501F3B1BCF949100E8F6EA /* SettingsTableViewController.m */,
				75AF3B9C1BB53D6500880F14 /* LaunchScreen.xib */,
				75AF3B971BB53D6500880F14 /* Main.storyboard */,
				75AF3B9A1BB53D6500880F14 /* Images.xcassets */,
				75AF3B8D1BB53D6500880F14 /* Supporting Files */,
			);
			path = SDKExample;
			sourceTree = "<group>";
		};
		75AF3B8D1BB53D6500880F14 /* Supporting Files */ = {
			isa = PBXGroup;
			children = (
				75AF3B8E1BB53D6500880F14 /* Info.plist */,
				75AF3B8F1BB53D6500880F14 /* main.m */,
			);
			name = "Supporting Files";
			sourceTree = "<group>";
		};
		DBC333B21D1A7A3300777B1B /* Frameworks */ = {
			isa = PBXGroup;
			children = (
				DBC333B31D1A7A4B00777B1B /* RescueCore.framework */,
			);
			name = Frameworks;
			path = ../../Frameworks;
			sourceTree = "<group>";
		};
/* End PBXGroup section */

/* Begin PBXNativeTarget section */
		75AF3B891BB53D6500880F14 /* RescueExampleCore */ = {
			isa = PBXNativeTarget;
			buildConfigurationList = 75AF3BAD1BB53D6600880F14 /* Build configuration list for PBXNativeTarget "RescueExampleCore" */;
			buildPhases = (
				75AF3B861BB53D6500880F14 /* Sources */,
				75AF3B871BB53D6500880F14 /* Frameworks */,
				75AF3B881BB53D6500880F14 /* Resources */,
				DBC333B71D1A7AF600777B1B /* Embed Frameworks */,
				75DAA1CF1D4B7F9400216F1E /* ShellScript */,
			);
			buildRules = (
			);
			dependencies = (
			);
			name = RescueExampleCore;
			productName = SDKExample;
			productReference = 75AF3B8A1BB53D6500880F14 /* RescueExampleCore.app */;
			productType = "com.apple.product-type.application";
		};
/* End PBXNativeTarget section */

/* Begin PBXProject section */
		75AF3B821BB53D6500880F14 /* Project object */ = {
			isa = PBXProject;
			attributes = {
				LastUpgradeCheck = 0730;
				ORGANIZATIONNAME = LogMeIn;
				TargetAttributes = {
					75AF3B891BB53D6500880F14 = {
						CreatedOnToolsVersion = 6.4;
						LastSwiftMigration = 0820;
					};
				};
			};
			buildConfigurationList = 75AF3B851BB53D6500880F14 /* Build configuration list for PBXProject "RescueExampleCore" */;
			compatibilityVersion = "Xcode 3.2";
			developmentRegion = English;
			hasScannedForEncodings = 0;
			knownRegions = (
				en,
				Base,
			);
			mainGroup = 75AF3B811BB53D6500880F14;
			productRefGroup = 75AF3B8B1BB53D6500880F14 /* Products */;
			projectDirPath = "";
			projectRoot = "";
			targets = (
				75AF3B891BB53D6500880F14 /* RescueExampleCore */,
			);
		};
/* End PBXProject section */

/* Begin PBXResourcesBuildPhase section */
		75AF3B881BB53D6500880F14 /* Resources */ = {
			isa = PBXResourcesBuildPhase;
			buildActionMask = 2147483647;
			files = (
				75AF3B991BB53D6500880F14 /* Main.storyboard in Resources */,
				75AF3B9E1BB53D6500880F14 /* LaunchScreen.xib in Resources */,
				75AF3B9B1BB53D6500880F14 /* Images.xcassets in Resources */,
			);
			runOnlyForDeploymentPostprocessing = 0;
		};
/* End PBXResourcesBuildPhase section */

/* Begin PBXShellScriptBuildPhase section */
		75DAA1CF1D4B7F9400216F1E /* ShellScript */ = {
			isa = PBXShellScriptBuildPhase;
			buildActionMask = 2147483647;
			files = (
			);
			inputPaths = (
			);
			outputPaths = (
			);
			runOnlyForDeploymentPostprocessing = 0;
			shellPath = /bin/sh;
			shellScript = "bash \"$BUILT_PRODUCTS_DIR/$FRAMEWORKS_FOLDER_PATH/RescueCore.framework/strip-frameworks.sh\"";
		};
/* End PBXShellScriptBuildPhase section */

/* Begin PBXSourcesBuildPhase section */
		75AF3B861BB53D6500880F14 /* Sources */ = {
			isa = PBXSourcesBuildPhase;
			buildActionMask = 2147483647;
			files = (
				DB501F3C1BCF949100E8F6EA /* SettingsTableViewController.m in Sources */,
				75AF3B961BB53D6500880F14 /* ViewController.m in Sources */,
				75AF3B931BB53D6500880F14 /* AppDelegate.m in Sources */,
				75AF3B901BB53D6500880F14 /* main.m in Sources */,
			);
			runOnlyForDeploymentPostprocessing = 0;
		};
/* End PBXSourcesBuildPhase section */

/* Begin PBXVariantGroup section */
		75AF3B971BB53D6500880F14 /* Main.storyboard */ = {
			isa = PBXVariantGroup;
			children = (
				75AF3B981BB53D6500880F14 /* Base */,
				755CD7AD1BBAB27900218F00 /* de */,
			);
			name = Main.storyboard;
			sourceTree = "<group>";
		};
		75AF3B9C1BB53D6500880F14 /* LaunchScreen.xib */ = {
			isa = PBXVariantGroup;
			children = (
				75AF3B9D1BB53D6500880F14 /* Base */,
				755CD7AE1BBAB27900218F00 /* de */,
			);
			name = LaunchScreen.xib;
			sourceTree = "<group>";
		};
/* End PBXVariantGroup section */

/* Begin XCBuildConfiguration section */
		75AF3BAB1BB53D6600880F14 /* Debug */ = {
			isa = XCBuildConfiguration;
			buildSettings = {
				ALWAYS_SEARCH_USER_PATHS = NO;
				CLANG_CXX_LANGUAGE_STANDARD = "gnu++0x";
				CLANG_CXX_LIBRARY = "libc++";
				CLANG_ENABLE_MODULES = YES;
				CLANG_ENABLE_OBJC_ARC = YES;
				CLANG_WARN_BOOL_CONVERSION = YES;
				CLANG_WARN_CONSTANT_CONVERSION = YES;
				CLANG_WARN_DIRECT_OBJC_ISA_USAGE = YES_ERROR;
				CLANG_WARN_EMPTY_BODY = YES;
				CLANG_WARN_ENUM_CONVERSION = YES;
				CLANG_WARN_INT_CONVERSION = YES;
				CLANG_WARN_OBJC_ROOT_CLASS = YES_ERROR;
				CLANG_WARN_UNREACHABLE_CODE = YES;
				CLANG_WARN__DUPLICATE_METHOD_MATCH = YES;
				"CODE_SIGN_IDENTITY[sdk=iphoneos*]" = "iPhone Developer";
				COPY_PHASE_STRIP = NO;
				DEBUG_INFORMATION_FORMAT = "dwarf-with-dsym";
				EMBEDDED_CONTENT_CONTAINS_SWIFT = YES;
				ENABLE_STRICT_OBJC_MSGSEND = YES;
				ENABLE_TESTABILITY = YES;
				FRAMEWORK_SEARCH_PATHS = ../../Frameworks;
				GCC_C_LANGUAGE_STANDARD = gnu99;
				GCC_DYNAMIC_NO_PIC = NO;
				GCC_NO_COMMON_BLOCKS = YES;
				GCC_OPTIMIZATION_LEVEL = 0;
				GCC_PREPROCESSOR_DEFINITIONS = (
					"DEBUG=1",
					"$(inherited)",
				);
				GCC_SYMBOLS_PRIVATE_EXTERN = NO;
				GCC_WARN_64_TO_32_BIT_CONVERSION = YES;
				GCC_WARN_ABOUT_RETURN_TYPE = YES_ERROR;
				GCC_WARN_UNDECLARED_SELECTOR = YES;
				GCC_WARN_UNINITIALIZED_AUTOS = YES_AGGRESSIVE;
				GCC_WARN_UNUSED_FUNCTION = YES;
				GCC_WARN_UNUSED_VARIABLE = YES;
				IPHONEOS_DEPLOYMENT_TARGET = 8.0;
				MTL_ENABLE_DEBUG_INFO = YES;
				ONLY_ACTIVE_ARCH = YES;
				SDKROOT = iphoneos;
				USER_HEADER_SEARCH_PATHS = "$(PROJECT_DIR)/../SDK/include";
			};
			name = Debug;
		};
		75AF3BAC1BB53D6600880F14 /* Release */ = {
			isa = XCBuildConfiguration;
			buildSettings = {
				ALWAYS_SEARCH_USER_PATHS = NO;
				CLANG_CXX_LANGUAGE_STANDARD = "gnu++0x";
				CLANG_CXX_LIBRARY = "libc++";
				CLANG_ENABLE_MODULES = YES;
				CLANG_ENABLE_OBJC_ARC = YES;
				CLANG_WARN_BOOL_CONVERSION = YES;
				CLANG_WARN_CONSTANT_CONVERSION = YES;
				CLANG_WARN_DIRECT_OBJC_ISA_USAGE = YES_ERROR;
				CLANG_WARN_EMPTY_BODY = YES;
				CLANG_WARN_ENUM_CONVERSION = YES;
				CLANG_WARN_INT_CONVERSION = YES;
				CLANG_WARN_OBJC_ROOT_CLASS = YES_ERROR;
				CLANG_WARN_UNREACHABLE_CODE = YES;
				CLANG_WARN__DUPLICATE_METHOD_MATCH = YES;
				"CODE_SIGN_IDENTITY[sdk=iphoneos*]" = "iPhone Developer";
				COPY_PHASE_STRIP = NO;
				DEBUG_INFORMATION_FORMAT = "dwarf-with-dsym";
				EMBEDDED_CONTENT_CONTAINS_SWIFT = YES;
				ENABLE_NS_ASSERTIONS = NO;
				ENABLE_STRICT_OBJC_MSGSEND = YES;
				FRAMEWORK_SEARCH_PATHS = ../../Frameworks;
				GCC_C_LANGUAGE_STANDARD = gnu99;
				GCC_NO_COMMON_BLOCKS = YES;
				GCC_WARN_64_TO_32_BIT_CONVERSION = YES;
				GCC_WARN_ABOUT_RETURN_TYPE = YES_ERROR;
				GCC_WARN_UNDECLARED_SELECTOR = YES;
				GCC_WARN_UNINITIALIZED_AUTOS = YES_AGGRESSIVE;
				GCC_WARN_UNUSED_FUNCTION = YES;
				GCC_WARN_UNUSED_VARIABLE = YES;
				IPHONEOS_DEPLOYMENT_TARGET = 8.0;
				MTL_ENABLE_DEBUG_INFO = NO;
				SDKROOT = iphoneos;
				USER_HEADER_SEARCH_PATHS = "$(PROJECT_DIR)/../SDK/include";
				VALIDATE_PRODUCT = YES;
			};
			name = Release;
		};
		75AF3BAE1BB53D6600880F14 /* Debug */ = {
			isa = XCBuildConfiguration;
			buildSettings = {
				ASSETCATALOG_COMPILER_APPICON_NAME = AppIcon;
				INFOPLIST_FILE = SDKExample/Info.plist;
				IPHONEOS_DEPLOYMENT_TARGET = 8.0;
				LD_RUNPATH_SEARCH_PATHS = "$(inherited) @executable_path/Frameworks";
				OTHER_LDFLAGS = "-all_load";
				PRODUCT_BUNDLE_IDENTIFIER = RescueExampleCore;
				PRODUCT_NAME = "$(TARGET_NAME)";
				SWIFT_VERSION = 3.0;
				TARGETED_DEVICE_FAMILY = "1,2";
			};
			name = Debug;
		};
		75AF3BAF1BB53D6600880F14 /* Release */ = {
			isa = XCBuildConfiguration;
			buildSettings = {
				ASSETCATALOG_COMPILER_APPICON_NAME = AppIcon;
				INFOPLIST_FILE = SDKExample/Info.plist;
				IPHONEOS_DEPLOYMENT_TARGET = 8.0;
				LD_RUNPATH_SEARCH_PATHS = "$(inherited) @executable_path/Frameworks";
				OTHER_LDFLAGS = "-all_load";
				PRODUCT_BUNDLE_IDENTIFIER = RescueExampleCore;
				PRODUCT_NAME = "$(TARGET_NAME)";
				SWIFT_VERSION = 3.0;
				TARGETED_DEVICE_FAMILY = "1,2";
			};
			name = Release;
		};
/* End XCBuildConfiguration section */

/* Begin XCConfigurationList section */
		75AF3B851BB53D6500880F14 /* Build configuration list for PBXProject "RescueExampleCore" */ = {
			isa = XCConfigurationList;
			buildConfigurations = (
				75AF3BAB1BB53D6600880F14 /* Debug */,
				75AF3BAC1BB53D6600880F14 /* Release */,
			);
			defaultConfigurationIsVisible = 0;
			defaultConfigurationName = Release;
		};
		75AF3BAD1BB53D6600880F14 /* Build configuration list for PBXNativeTarget "RescueExampleCore" */ = {
			isa = XCConfigurationList;
			buildConfigurations = (
				75AF3BAE1BB53D6600880F14 /* Debug */,
				75AF3BAF1BB53D6600880F14 /* Release */,
			);
			defaultConfigurationIsVisible = 0;
			defaultConfigurationName = Release;
		};
/* End XCConfigurationList section */
	};
	rootObject = 75AF3B821BB53D6500880F14 /* Project object */;
}
