// !$*UTF8*$!
{
	archiveVersion = 1;
	classes = {
	};
	objectVersion = 52;
	objects = {

/* Begin PBXBuildFile section */
		756D9FC51EC3206B0016DE6C /* AppDelegate.swift in Sources */ = {isa = PBXBuildFile; fileRef = 756D9FC41EC3206B0016DE6C /* AppDelegate.swift */; };
		756D9FC71EC3206B0016DE6C /* ViewController.swift in Sources */ = {isa = PBXBuildFile; fileRef = 756D9FC61EC3206B0016DE6C /* ViewController.swift */; };
		756D9FCA1EC3206B0016DE6C /* Main.storyboard in Resources */ = {isa = PBXBuildFile; fileRef = 756D9FC81EC3206B0016DE6C /* Main.storyboard */; };
		756D9FCC1EC3206B0016DE6C /* Assets.xcassets in Resources */ = {isa = PBXBuildFile; fileRef = 756D9FCB1EC3206B0016DE6C /* Assets.xcassets */; };
		756D9FCF1EC3206B0016DE6C /* LaunchScreen.storyboard in Resources */ = {isa = PBXBuildFile; fileRef = 756D9FCD1EC3206B0016DE6C /* LaunchScreen.storyboard */; };
		DB3B658823841D580040CF2D /* LMICoreMedia.framework in Frameworks */ = {isa = PBXBuildFile; fileRef = DB3B658623841D4F0040CF2D /* LMICoreMedia.framework */; };
		DB3B658923841D580040CF2D /* LMICoreMedia.framework in Embed Frameworks */ = {isa = PBXBuildFile; fileRef = DB3B658623841D4F0040CF2D /* LMICoreMedia.framework */; settings = {ATTRIBUTES = (CodeSignOnCopy, RemoveHeadersOnCopy, ); }; };
		DBF554632383E51B00B787C9 /* RescueCore.xcframework in Frameworks */ = {isa = PBXBuildFile; fileRef = DBF554612383E50000B787C9 /* RescueCore.xcframework */; };
		DBF554642383E51B00B787C9 /* RescueCore.xcframework in Embed Frameworks */ = {isa = PBXBuildFile; fileRef = DBF554612383E50000B787C9 /* RescueCore.xcframework */; settings = {ATTRIBUTES = (CodeSignOnCopy, ); }; };
/* End PBXBuildFile section */

/* Begin PBXCopyFilesBuildPhase section */
		756D9FE81EC33D140016DE6C /* Embed Frameworks */ = {
			isa = PBXCopyFilesBuildPhase;
			buildActionMask = 2147483647;
			dstPath = "";
			dstSubfolderSpec = 10;
			files = (
				DBF554642383E51B00B787C9 /* RescueCore.xcframework in Embed Frameworks */,
				DB3B658923841D580040CF2D /* LMICoreMedia.framework in Embed Frameworks */,
			);
			name = "Embed Frameworks";
			runOnlyForDeploymentPostprocessing = 0;
		};
/* End PBXCopyFilesBuildPhase section */

/* Begin PBXFileReference section */
		756D9FC11EC3206B0016DE6C /* RescueCameraExample.app */ = {isa = PBXFileReference; explicitFileType = wrapper.application; includeInIndex = 0; path = RescueCameraExample.app; sourceTree = BUILT_PRODUCTS_DIR; };
		756D9FC41EC3206B0016DE6C /* AppDelegate.swift */ = {isa = PBXFileReference; lastKnownFileType = sourcecode.swift; path = AppDelegate.swift; sourceTree = "<group>"; };
		756D9FC61EC3206B0016DE6C /* ViewController.swift */ = {isa = PBXFileReference; lastKnownFileType = sourcecode.swift; path = ViewController.swift; sourceTree = "<group>"; };
		756D9FC91EC3206B0016DE6C /* Base */ = {isa = PBXFileReference; lastKnownFileType = file.storyboard; name = Base; path = Base.lproj/Main.storyboard; sourceTree = "<group>"; };
		756D9FCB1EC3206B0016DE6C /* Assets.xcassets */ = {isa = PBXFileReference; lastKnownFileType = folder.assetcatalog; path = Assets.xcassets; sourceTree = "<group>"; };
		756D9FCE1EC3206B0016DE6C /* Base */ = {isa = PBXFileReference; lastKnownFileType = file.storyboard; name = Base; path = Base.lproj/LaunchScreen.storyboard; sourceTree = "<group>"; };
		756D9FD01EC3206B0016DE6C /* Info.plist */ = {isa = PBXFileReference; lastKnownFileType = text.plist.xml; path = Info.plist; sourceTree = "<group>"; };
		756D9FE41EC321AA0016DE6C /* RescueCameraExample-Bridging-Header.h */ = {isa = PBXFileReference; fileEncoding = 4; lastKnownFileType = sourcecode.c.h; path = "RescueCameraExample-Bridging-Header.h"; sourceTree = "<group>"; };
		DB3B658623841D4F0040CF2D /* LMICoreMedia.framework */ = {isa = PBXFileReference; lastKnownFileType = wrapper.framework; path = LMICoreMedia.framework; sourceTree = "<group>"; };
		DBF554612383E50000B787C9 /* RescueCore.xcframework */ = {isa = PBXFileReference; lastKnownFileType = wrapper.xcframework; path = RescueCore.xcframework; sourceTree = "<group>"; };
/* End PBXFileReference section */

/* Begin PBXFrameworksBuildPhase section */
		756D9FBE1EC3206B0016DE6C /* Frameworks */ = {
			isa = PBXFrameworksBuildPhase;
			buildActionMask = 2147483647;
			files = (
				DBF554632383E51B00B787C9 /* RescueCore.xcframework in Frameworks */,
				DB3B658823841D580040CF2D /* LMICoreMedia.framework in Frameworks */,
			);
			runOnlyForDeploymentPostprocessing = 0;
		};
/* End PBXFrameworksBuildPhase section */

/* Begin PBXGroup section */
		756D9FB81EC3206B0016DE6C = {
			isa = PBXGroup;
			children = (
				DBF554602383E4E200B787C9 /* Frameworks */,
				756D9FC31EC3206B0016DE6C /* RescueCameraExample */,
				756D9FC21EC3206B0016DE6C /* Products */,
			);
			sourceTree = "<group>";
		};
		756D9FC21EC3206B0016DE6C /* Products */ = {
			isa = PBXGroup;
			children = (
				756D9FC11EC3206B0016DE6C /* RescueCameraExample.app */,
			);
			name = Products;
			sourceTree = "<group>";
		};
		756D9FC31EC3206B0016DE6C /* RescueCameraExample */ = {
			isa = PBXGroup;
			children = (
				756D9FE41EC321AA0016DE6C /* RescueCameraExample-Bridging-Header.h */,
				756D9FC41EC3206B0016DE6C /* AppDelegate.swift */,
				756D9FC61EC3206B0016DE6C /* ViewController.swift */,
				756D9FC81EC3206B0016DE6C /* Main.storyboard */,
				756D9FCB1EC3206B0016DE6C /* Assets.xcassets */,
				756D9FCD1EC3206B0016DE6C /* LaunchScreen.storyboard */,
				756D9FD01EC3206B0016DE6C /* Info.plist */,
			);
			path = RescueCameraExample;
			sourceTree = "<group>";
		};
		DBF554602383E4E200B787C9 /* Frameworks */ = {
			isa = PBXGroup;
			children = (
				DB3B658623841D4F0040CF2D /* LMICoreMedia.framework */,
				DBF554612383E50000B787C9 /* RescueCore.xcframework */,
			);
			name = Frameworks;
			path = ../../Frameworks;
			sourceTree = "<group>";
		};
/* End PBXGroup section */

/* Begin PBXNativeTarget section */
		756D9FC01EC3206B0016DE6C /* RescueCameraExample */ = {
			isa = PBXNativeTarget;
			buildConfigurationList = 756D9FDE1EC3206B0016DE6C /* Build configuration list for PBXNativeTarget "RescueCameraExample" */;
			buildPhases = (
				756D9FBD1EC3206B0016DE6C /* Sources */,
				756D9FBE1EC3206B0016DE6C /* Frameworks */,
				756D9FBF1EC3206B0016DE6C /* Resources */,
				756D9FE81EC33D140016DE6C /* Embed Frameworks */,
				DB515B732429F2FB00A94886 /* ShellScript */,
			);
			buildRules = (
			);
			dependencies = (
			);
			name = RescueCameraExample;
			productName = RescueCameraExample;
			productReference = 756D9FC11EC3206B0016DE6C /* RescueCameraExample.app */;
			productType = "com.apple.product-type.application";
		};
/* End PBXNativeTarget section */

/* Begin PBXProject section */
		756D9FB91EC3206B0016DE6C /* Project object */ = {
			isa = PBXProject;
			attributes = {
				LastSwiftUpdateCheck = 0830;
				LastUpgradeCheck = 0830;
				ORGANIZATIONNAME = LogMeIn;
				TargetAttributes = {
					756D9FC01EC3206B0016DE6C = {
						CreatedOnToolsVersion = 8.3.2;
						ProvisioningStyle = Automatic;
					};
				};
			};
			buildConfigurationList = 756D9FBC1EC3206B0016DE6C /* Build configuration list for PBXProject "RescueCameraExampleExternal" */;
			compatibilityVersion = "Xcode 3.2";
			developmentRegion = English;
			hasScannedForEncodings = 0;
			knownRegions = (
				English,
				en,
				Base,
			);
			mainGroup = 756D9FB81EC3206B0016DE6C;
			productRefGroup = 756D9FC21EC3206B0016DE6C /* Products */;
			projectDirPath = "";
			projectRoot = "";
			targets = (
				756D9FC01EC3206B0016DE6C /* RescueCameraExample */,
			);
		};
/* End PBXProject section */

/* Begin PBXResourcesBuildPhase section */
		756D9FBF1EC3206B0016DE6C /* Resources */ = {
			isa = PBXResourcesBuildPhase;
			buildActionMask = 2147483647;
			files = (
				756D9FCF1EC3206B0016DE6C /* LaunchScreen.storyboard in Resources */,
				756D9FCC1EC3206B0016DE6C /* Assets.xcassets in Resources */,
				756D9FCA1EC3206B0016DE6C /* Main.storyboard in Resources */,
			);
			runOnlyForDeploymentPostprocessing = 0;
		};
/* End PBXResourcesBuildPhase section */

/* Begin PBXShellScriptBuildPhase section */
		DB515B732429F2FB00A94886 /* ShellScript */ = {
			isa = PBXShellScriptBuildPhase;
			buildActionMask = 2147483647;
			files = (
			);
			inputFileListPaths = (
			);
			inputPaths = (
			);
			outputFileListPaths = (
			);
			outputPaths = (
			);
			runOnlyForDeploymentPostprocessing = 0;
			shellPath = /bin/sh;
			shellScript = "bash \"$BUILT_PRODUCTS_DIR/$FRAMEWORKS_FOLDER_PATH/RescueCore.framework/strip-frameworks.sh\"\n";
		};
/* End PBXShellScriptBuildPhase section */

/* Begin PBXSourcesBuildPhase section */
		756D9FBD1EC3206B0016DE6C /* Sources */ = {
			isa = PBXSourcesBuildPhase;
			buildActionMask = 2147483647;
			files = (
				756D9FC71EC3206B0016DE6C /* ViewController.swift in Sources */,
				756D9FC51EC3206B0016DE6C /* AppDelegate.swift in Sources */,
			);
			runOnlyForDeploymentPostprocessing = 0;
		};
/* End PBXSourcesBuildPhase section */

/* Begin PBXVariantGroup section */
		756D9FC81EC3206B0016DE6C /* Main.storyboard */ = {
			isa = PBXVariantGroup;
			children = (
				756D9FC91EC3206B0016DE6C /* Base */,
			);
			name = Main.storyboard;
			sourceTree = "<group>";
		};
		756D9FCD1EC3206B0016DE6C /* LaunchScreen.storyboard */ = {
			isa = PBXVariantGroup;
			children = (
				756D9FCE1EC3206B0016DE6C /* Base */,
			);
			name = LaunchScreen.storyboard;
			sourceTree = "<group>";
		};
/* End PBXVariantGroup section */

/* Begin XCBuildConfiguration section */
		756D9FDC1EC3206B0016DE6C /* Debug */ = {
			isa = XCBuildConfiguration;
			buildSettings = {
				ALWAYS_EMBED_SWIFT_STANDARD_LIBRARIES = YES;
				ALWAYS_SEARCH_USER_PATHS = NO;
				CLANG_ANALYZER_NONNULL = YES;
				CLANG_ANALYZER_NUMBER_OBJECT_CONVERSION = YES_AGGRESSIVE;
				CLANG_CXX_LANGUAGE_STANDARD = "gnu++0x";
				CLANG_CXX_LIBRARY = "libc++";
				CLANG_ENABLE_MODULES = YES;
				CLANG_ENABLE_OBJC_ARC = YES;
				CLANG_WARN_BOOL_CONVERSION = YES;
				CLANG_WARN_CONSTANT_CONVERSION = YES;
				CLANG_WARN_DIRECT_OBJC_ISA_USAGE = YES_ERROR;
				CLANG_WARN_DOCUMENTATION_COMMENTS = YES;
				CLANG_WARN_EMPTY_BODY = YES;
				CLANG_WARN_ENUM_CONVERSION = YES;
				CLANG_WARN_INFINITE_RECURSION = YES;
				CLANG_WARN_INT_CONVERSION = YES;
				CLANG_WARN_OBJC_ROOT_CLASS = YES_ERROR;
				CLANG_WARN_SUSPICIOUS_MOVE = YES;
				CLANG_WARN_UNREACHABLE_CODE = YES;
				CLANG_WARN__DUPLICATE_METHOD_MATCH = YES;
				"CODE_SIGN_IDENTITY[sdk=iphoneos*]" = "iPhone Developer";
				COPY_PHASE_STRIP = NO;
				DEBUG_INFORMATION_FORMAT = dwarf;
				ENABLE_BITCODE = NO;
				ENABLE_STRICT_OBJC_MSGSEND = YES;
				ENABLE_TESTABILITY = YES;
				GCC_C_LANGUAGE_STANDARD = gnu99;
				GCC_DYNAMIC_NO_PIC = NO;
				GCC_NO_COMMON_BLOCKS = YES;
				GCC_OPTIMIZATION_LEVEL = 0;
				GCC_PREPROCESSOR_DEFINITIONS = (
					"DEBUG=1",
					"$(inherited)",
				);
				GCC_WARN_64_TO_32_BIT_CONVERSION = YES;
				GCC_WARN_ABOUT_RETURN_TYPE = YES_ERROR;
				GCC_WARN_UNDECLARED_SELECTOR = YES;
				GCC_WARN_UNINITIALIZED_AUTOS = YES_AGGRESSIVE;
				GCC_WARN_UNUSED_FUNCTION = YES;
				GCC_WARN_UNUSED_VARIABLE = YES;
				IPHONEOS_DEPLOYMENT_TARGET = 11.0;
				MTL_ENABLE_DEBUG_INFO = YES;
				ONLY_ACTIVE_ARCH = YES;
				SDKROOT = iphoneos;
				SWIFT_ACTIVE_COMPILATION_CONDITIONS = DEBUG;
				SWIFT_OPTIMIZATION_LEVEL = "-Onone";
				SWIFT_VERSION = 5.0;
				TARGETED_DEVICE_FAMILY = "1,2";
			};
			name = Debug;
		};
		756D9FDD1EC3206B0016DE6C /* Release */ = {
			isa = XCBuildConfiguration;
			buildSettings = {
				ALWAYS_EMBED_SWIFT_STANDARD_LIBRARIES = YES;
				ALWAYS_SEARCH_USER_PATHS = NO;
				CLANG_ANALYZER_NONNULL = YES;
				CLANG_ANALYZER_NUMBER_OBJECT_CONVERSION = YES_AGGRESSIVE;
				CLANG_CXX_LANGUAGE_STANDARD = "gnu++0x";
				CLANG_CXX_LIBRARY = "libc++";
				CLANG_ENABLE_MODULES = YES;
				CLANG_ENABLE_OBJC_ARC = YES;
				CLANG_WARN_BOOL_CONVERSION = YES;
				CLANG_WARN_CONSTANT_CONVERSION = YES;
				CLANG_WARN_DIRECT_OBJC_ISA_USAGE = YES_ERROR;
				CLANG_WARN_DOCUMENTATION_COMMENTS = YES;
				CLANG_WARN_EMPTY_BODY = YES;
				CLANG_WARN_ENUM_CONVERSION = YES;
				CLANG_WARN_INFINITE_RECURSION = YES;
				CLANG_WARN_INT_CONVERSION = YES;
				CLANG_WARN_OBJC_ROOT_CLASS = YES_ERROR;
				CLANG_WARN_SUSPICIOUS_MOVE = YES;
				CLANG_WARN_UNREACHABLE_CODE = YES;
				CLANG_WARN__DUPLICATE_METHOD_MATCH = YES;
				"CODE_SIGN_IDENTITY[sdk=iphoneos*]" = "iPhone Developer";
				COPY_PHASE_STRIP = NO;
				DEBUG_INFORMATION_FORMAT = "dwarf-with-dsym";
				ENABLE_BITCODE = NO;
				ENABLE_NS_ASSERTIONS = NO;
				ENABLE_STRICT_OBJC_MSGSEND = YES;
				GCC_C_LANGUAGE_STANDARD = gnu99;
				GCC_NO_COMMON_BLOCKS = YES;
				GCC_WARN_64_TO_32_BIT_CONVERSION = YES;
				GCC_WARN_ABOUT_RETURN_TYPE = YES_ERROR;
				GCC_WARN_UNDECLARED_SELECTOR = YES;
				GCC_WARN_UNINITIALIZED_AUTOS = YES_AGGRESSIVE;
				GCC_WARN_UNUSED_FUNCTION = YES;
				GCC_WARN_UNUSED_VARIABLE = YES;
				IPHONEOS_DEPLOYMENT_TARGET = 11.0;
				MTL_ENABLE_DEBUG_INFO = NO;
				SDKROOT = iphoneos;
				SWIFT_COMPILATION_MODE = wholemodule;
				SWIFT_OPTIMIZATION_LEVEL = "-O";
				SWIFT_VERSION = 5.0;
				TARGETED_DEVICE_FAMILY = "1,2";
				VALIDATE_PRODUCT = YES;
			};
			name = Release;
		};
		756D9FDF1EC3206B0016DE6C /* Debug */ = {
			isa = XCBuildConfiguration;
			buildSettings = {
				ASSETCATALOG_COMPILER_APPICON_NAME = AppIcon;
				CURRENT_PROJECT_VERSION = 5.9;
				DEVELOPMENT_TEAM = "";
				FRAMEWORK_SEARCH_PATHS = "${PROJECT_DIR}/../../Frameworks";
				INFOPLIST_FILE = RescueCameraExample/Info.plist;
				IPHONEOS_DEPLOYMENT_TARGET = 12.0;
				LD_RUNPATH_SEARCH_PATHS = (
					"$(inherited)",
					"@executable_path/Frameworks",
				);
				MARKETING_VERSION = 5.9;
				PRODUCT_BUNDLE_IDENTIFIER = com.example.RescueCameraExample;
				PRODUCT_NAME = "$(TARGET_NAME)";
			};
			name = Debug;
		};
		756D9FE01EC3206B0016DE6C /* Release */ = {
			isa = XCBuildConfiguration;
			buildSettings = {
				ASSETCATALOG_COMPILER_APPICON_NAME = AppIcon;
				CURRENT_PROJECT_VERSION = 5.9;
				DEVELOPMENT_TEAM = "";
				FRAMEWORK_SEARCH_PATHS = "${PROJECT_DIR}/../../Frameworks";
				INFOPLIST_FILE = RescueCameraExample/Info.plist;
				IPHONEOS_DEPLOYMENT_TARGET = 12.0;
				LD_RUNPATH_SEARCH_PATHS = (
					"$(inherited)",
					"@executable_path/Frameworks",
				);
				MARKETING_VERSION = 5.9;
				PRODUCT_BUNDLE_IDENTIFIER = com.example.RescueCameraExample;
				PRODUCT_NAME = "$(TARGET_NAME)";
			};
			name = Release;
		};
/* End XCBuildConfiguration section */

/* Begin XCConfigurationList section */
		756D9FBC1EC3206B0016DE6C /* Build configuration list for PBXProject "RescueCameraExampleExternal" */ = {
			isa = XCConfigurationList;
			buildConfigurations = (
				756D9FDC1EC3206B0016DE6C /* Debug */,
				756D9FDD1EC3206B0016DE6C /* Release */,
			);
			defaultConfigurationIsVisible = 0;
			defaultConfigurationName = Release;
		};
		756D9FDE1EC3206B0016DE6C /* Build configuration list for PBXNativeTarget "RescueCameraExample" */ = {
			isa = XCConfigurationList;
			buildConfigurations = (
				756D9FDF1EC3206B0016DE6C /* Debug */,
				756D9FE01EC3206B0016DE6C /* Release */,
			);
			defaultConfigurationIsVisible = 0;
			defaultConfigurationName = Release;
		};
/* End XCConfigurationList section */
	};
	rootObject = 756D9FB91EC3206B0016DE6C /* Project object */;
}
